// !$*UTF8*$!
{
	archiveVersion = 1;
	classes = {
	};
	objectVersion = 50;
	objects = {

/* Begin PBXBuildFile section */
		8340E48B21BEDB1E00DBCB54 /* FritzCore.framework in Frameworks */ = {isa = PBXBuildFile; fileRef = 8340E48321BEDB1E00DBCB54 /* FritzCore.framework */; };
		8340E48D21BEDB1E00DBCB54 /* CoreMLHelpers.framework in Frameworks */ = {isa = PBXBuildFile; fileRef = 8340E48521BEDB1E00DBCB54 /* CoreMLHelpers.framework */; };
		8340E48E21BEDB1E00DBCB54 /* FritzVisionStyleModel.framework in Frameworks */ = {isa = PBXBuildFile; fileRef = 8340E48621BEDB1E00DBCB54 /* FritzVisionStyleModel.framework */; };
		8340E48F21BEDB1E00DBCB54 /* FritzManagedModel.framework in Frameworks */ = {isa = PBXBuildFile; fileRef = 8340E48721BEDB1E00DBCB54 /* FritzManagedModel.framework */; };
		8340E49021BEDB1E00DBCB54 /* FritzVisionStyleModelPaintings.framework in Frameworks */ = {isa = PBXBuildFile; fileRef = 8340E48821BEDB1E00DBCB54 /* FritzVisionStyleModelPaintings.framework */; };
		8340E49121BEDB1E00DBCB54 /* Fritz.framework in Frameworks */ = {isa = PBXBuildFile; fileRef = 8340E48921BEDB1E00DBCB54 /* Fritz.framework */; };
		8340E49421BEDB2700DBCB54 /* CoreMLHelpers.framework in Embed Frameworks */ = {isa = PBXBuildFile; fileRef = 8340E48521BEDB1E00DBCB54 /* CoreMLHelpers.framework */; settings = {ATTRIBUTES = (CodeSignOnCopy, RemoveHeadersOnCopy, ); }; };
		8340E49621BEDB2700DBCB54 /* Fritz.framework in Embed Frameworks */ = {isa = PBXBuildFile; fileRef = 8340E48921BEDB1E00DBCB54 /* Fritz.framework */; settings = {ATTRIBUTES = (CodeSignOnCopy, RemoveHeadersOnCopy, ); }; };
		8340E49821BEDB2700DBCB54 /* FritzCore.framework in Embed Frameworks */ = {isa = PBXBuildFile; fileRef = 8340E48321BEDB1E00DBCB54 /* FritzCore.framework */; settings = {ATTRIBUTES = (CodeSignOnCopy, RemoveHeadersOnCopy, ); }; };
		8340E49A21BEDB2700DBCB54 /* FritzManagedModel.framework in Embed Frameworks */ = {isa = PBXBuildFile; fileRef = 8340E48721BEDB1E00DBCB54 /* FritzManagedModel.framework */; settings = {ATTRIBUTES = (CodeSignOnCopy, RemoveHeadersOnCopy, ); }; };
		8340E49B21BEDB2700DBCB54 /* FritzVision.framework in Frameworks */ = {isa = PBXBuildFile; fileRef = 8340E48421BEDB1E00DBCB54 /* FritzVision.framework */; };
		8340E49C21BEDB2700DBCB54 /* FritzVision.framework in Embed Frameworks */ = {isa = PBXBuildFile; fileRef = 8340E48421BEDB1E00DBCB54 /* FritzVision.framework */; settings = {ATTRIBUTES = (CodeSignOnCopy, RemoveHeadersOnCopy, ); }; };
		8340E49E21BEDB2700DBCB54 /* FritzVisionStyleModel.framework in Embed Frameworks */ = {isa = PBXBuildFile; fileRef = 8340E48621BEDB1E00DBCB54 /* FritzVisionStyleModel.framework */; settings = {ATTRIBUTES = (CodeSignOnCopy, RemoveHeadersOnCopy, ); }; };
		8340E49F21BEDB2700DBCB54 /* FritzVisionStyleModelBase.framework in Frameworks */ = {isa = PBXBuildFile; fileRef = 8340E48A21BEDB1E00DBCB54 /* FritzVisionStyleModelBase.framework */; };
		8340E4A021BEDB2700DBCB54 /* FritzVisionStyleModelBase.framework in Embed Frameworks */ = {isa = PBXBuildFile; fileRef = 8340E48A21BEDB1E00DBCB54 /* FritzVisionStyleModelBase.framework */; settings = {ATTRIBUTES = (CodeSignOnCopy, RemoveHeadersOnCopy, ); }; };
		8340E4A221BEDB2700DBCB54 /* FritzVisionStyleModelPaintings.framework in Embed Frameworks */ = {isa = PBXBuildFile; fileRef = 8340E48821BEDB1E00DBCB54 /* FritzVisionStyleModelPaintings.framework */; settings = {ATTRIBUTES = (CodeSignOnCopy, RemoveHeadersOnCopy, ); }; };
		83AC97BA21495DD400E86B44 /* AppDelegate.swift in Sources */ = {isa = PBXBuildFile; fileRef = 83AC97B921495DD400E86B44 /* AppDelegate.swift */; };
		83AC97BC21495DD400E86B44 /* ViewController.swift in Sources */ = {isa = PBXBuildFile; fileRef = 83AC97BB21495DD400E86B44 /* ViewController.swift */; };
		83AC97BF21495DD400E86B44 /* Main.storyboard in Resources */ = {isa = PBXBuildFile; fileRef = 83AC97BD21495DD400E86B44 /* Main.storyboard */; };
		83AC97C121495DD600E86B44 /* Assets.xcassets in Resources */ = {isa = PBXBuildFile; fileRef = 83AC97C021495DD600E86B44 /* Assets.xcassets */; };
		83AC97C421495DD600E86B44 /* LaunchScreen.storyboard in Resources */ = {isa = PBXBuildFile; fileRef = 83AC97C221495DD600E86B44 /* LaunchScreen.storyboard */; };
		83AC97D12149609C00E86B44 /* OpenGLPixelBufferView.m in Sources */ = {isa = PBXBuildFile; fileRef = 83AC97CC2149609C00E86B44 /* OpenGLPixelBufferView.m */; };
		83AC97D22149609C00E86B44 /* ShaderUtilities.c in Sources */ = {isa = PBXBuildFile; fileRef = 83AC97CD2149609C00E86B44 /* ShaderUtilities.c */; };
		83AC97D42149610700E86B44 /* VideoPreviewView.swift in Sources */ = {isa = PBXBuildFile; fileRef = 83AC97D32149610700E86B44 /* VideoPreviewView.swift */; };
		D497A8AA21BF0DD800A59924 /* Models+Fritz.swift in Sources */ = {isa = PBXBuildFile; fileRef = D497A8A921BF0DD800A59924 /* Models+Fritz.swift */; };
/* End PBXBuildFile section */

/* Begin PBXCopyFilesBuildPhase section */
		8340E4A321BEDB2700DBCB54 /* Embed Frameworks */ = {
			isa = PBXCopyFilesBuildPhase;
			buildActionMask = 2147483647;
			dstPath = "";
			dstSubfolderSpec = 10;
			files = (
				8340E49A21BEDB2700DBCB54 /* FritzManagedModel.framework in Embed Frameworks */,
				8340E49821BEDB2700DBCB54 /* FritzCore.framework in Embed Frameworks */,
				8340E4A221BEDB2700DBCB54 /* FritzVisionStyleModelPaintings.framework in Embed Frameworks */,
				8340E49621BEDB2700DBCB54 /* Fritz.framework in Embed Frameworks */,
				8340E49421BEDB2700DBCB54 /* CoreMLHelpers.framework in Embed Frameworks */,
				8340E49E21BEDB2700DBCB54 /* FritzVisionStyleModel.framework in Embed Frameworks */,
				8340E4A021BEDB2700DBCB54 /* FritzVisionStyleModelBase.framework in Embed Frameworks */,
				8340E49C21BEDB2700DBCB54 /* FritzVision.framework in Embed Frameworks */,
			);
			name = "Embed Frameworks";
			runOnlyForDeploymentPostprocessing = 0;
		};
/* End PBXCopyFilesBuildPhase section */

/* Begin PBXFileReference section */
		8340E48321BEDB1E00DBCB54 /* FritzCore.framework */ = {isa = PBXFileReference; lastKnownFileType = wrapper.framework; name = FritzCore.framework; path = "../../swift-framework/Frameworks/FritzCore.framework"; sourceTree = "<group>"; };
		8340E48421BEDB1E00DBCB54 /* FritzVision.framework */ = {isa = PBXFileReference; lastKnownFileType = wrapper.framework; name = FritzVision.framework; path = "../../swift-framework/Frameworks/FritzVision.framework"; sourceTree = "<group>"; };
		8340E48521BEDB1E00DBCB54 /* CoreMLHelpers.framework */ = {isa = PBXFileReference; lastKnownFileType = wrapper.framework; name = CoreMLHelpers.framework; path = "../../swift-framework/Frameworks/CoreMLHelpers.framework"; sourceTree = "<group>"; };
		8340E48621BEDB1E00DBCB54 /* FritzVisionStyleModel.framework */ = {isa = PBXFileReference; lastKnownFileType = wrapper.framework; name = FritzVisionStyleModel.framework; path = "../../swift-framework/Frameworks/FritzVisionStyleModel.framework"; sourceTree = "<group>"; };
		8340E48721BEDB1E00DBCB54 /* FritzManagedModel.framework */ = {isa = PBXFileReference; lastKnownFileType = wrapper.framework; name = FritzManagedModel.framework; path = "../../swift-framework/Frameworks/FritzManagedModel.framework"; sourceTree = "<group>"; };
		8340E48821BEDB1E00DBCB54 /* FritzVisionStyleModelPaintings.framework */ = {isa = PBXFileReference; lastKnownFileType = wrapper.framework; name = FritzVisionStyleModelPaintings.framework; path = "../../swift-framework/Frameworks/FritzVisionStyleModelPaintings.framework"; sourceTree = "<group>"; };
		8340E48921BEDB1E00DBCB54 /* Fritz.framework */ = {isa = PBXFileReference; lastKnownFileType = wrapper.framework; name = Fritz.framework; path = "../../swift-framework/Frameworks/Fritz.framework"; sourceTree = "<group>"; };
		8340E48A21BEDB1E00DBCB54 /* FritzVisionStyleModelBase.framework */ = {isa = PBXFileReference; lastKnownFileType = wrapper.framework; name = FritzVisionStyleModelBase.framework; path = "../../swift-framework/Frameworks/FritzVisionStyleModelBase.framework"; sourceTree = "<group>"; };
		83AC97B621495DD400E86B44 /* FritzStyleTransferDemo.app */ = {isa = PBXFileReference; explicitFileType = wrapper.application; includeInIndex = 0; path = FritzStyleTransferDemo.app; sourceTree = BUILT_PRODUCTS_DIR; };
		83AC97B921495DD400E86B44 /* AppDelegate.swift */ = {isa = PBXFileReference; lastKnownFileType = sourcecode.swift; path = AppDelegate.swift; sourceTree = "<group>"; };
		83AC97BB21495DD400E86B44 /* ViewController.swift */ = {isa = PBXFileReference; lastKnownFileType = sourcecode.swift; path = ViewController.swift; sourceTree = "<group>"; };
		83AC97BE21495DD400E86B44 /* Base */ = {isa = PBXFileReference; lastKnownFileType = file.storyboard; name = Base; path = Base.lproj/Main.storyboard; sourceTree = "<group>"; };
		83AC97C021495DD600E86B44 /* Assets.xcassets */ = {isa = PBXFileReference; lastKnownFileType = folder.assetcatalog; path = Assets.xcassets; sourceTree = "<group>"; };
		83AC97C321495DD600E86B44 /* Base */ = {isa = PBXFileReference; lastKnownFileType = file.storyboard; name = Base; path = Base.lproj/LaunchScreen.storyboard; sourceTree = "<group>"; };
		83AC97C521495DD600E86B44 /* Info.plist */ = {isa = PBXFileReference; lastKnownFileType = text.plist.xml; path = Info.plist; sourceTree = "<group>"; };
		83AC97CC2149609C00E86B44 /* OpenGLPixelBufferView.m */ = {isa = PBXFileReference; fileEncoding = 4; lastKnownFileType = sourcecode.c.objc; path = OpenGLPixelBufferView.m; sourceTree = "<group>"; };
		83AC97CD2149609C00E86B44 /* ShaderUtilities.c */ = {isa = PBXFileReference; fileEncoding = 4; lastKnownFileType = sourcecode.c.c; path = ShaderUtilities.c; sourceTree = "<group>"; };
		83AC97CE2149609C00E86B44 /* Buffer-View-Bridging-Header.h */ = {isa = PBXFileReference; fileEncoding = 4; lastKnownFileType = sourcecode.c.h; path = "Buffer-View-Bridging-Header.h"; sourceTree = "<group>"; };
		83AC97CF2149609C00E86B44 /* OpenGLPixelBufferView.h */ = {isa = PBXFileReference; fileEncoding = 4; lastKnownFileType = sourcecode.c.h; path = OpenGLPixelBufferView.h; sourceTree = "<group>"; };
		83AC97D02149609C00E86B44 /* ShaderUtilities.h */ = {isa = PBXFileReference; fileEncoding = 4; lastKnownFileType = sourcecode.c.h; path = ShaderUtilities.h; sourceTree = "<group>"; };
		83AC97D32149610700E86B44 /* VideoPreviewView.swift */ = {isa = PBXFileReference; lastKnownFileType = sourcecode.swift; path = VideoPreviewView.swift; sourceTree = "<group>"; };
		D497A8A921BF0DD800A59924 /* Models+Fritz.swift */ = {isa = PBXFileReference; lastKnownFileType = sourcecode.swift; path = "Models+Fritz.swift"; sourceTree = "<group>"; };
/* End PBXFileReference section */

/* Begin PBXFrameworksBuildPhase section */
		83AC97B321495DD400E86B44 /* Frameworks */ = {
			isa = PBXFrameworksBuildPhase;
			buildActionMask = 2147483647;
			files = (
				8340E49121BEDB1E00DBCB54 /* Fritz.framework in Frameworks */,
				8340E48B21BEDB1E00DBCB54 /* FritzCore.framework in Frameworks */,
				8340E49B21BEDB2700DBCB54 /* FritzVision.framework in Frameworks */,
				8340E48D21BEDB1E00DBCB54 /* CoreMLHelpers.framework in Frameworks */,
				8340E48E21BEDB1E00DBCB54 /* FritzVisionStyleModel.framework in Frameworks */,
				8340E49F21BEDB2700DBCB54 /* FritzVisionStyleModelBase.framework in Frameworks */,
				8340E48F21BEDB1E00DBCB54 /* FritzManagedModel.framework in Frameworks */,
				8340E49021BEDB1E00DBCB54 /* FritzVisionStyleModelPaintings.framework in Frameworks */,
			);
			runOnlyForDeploymentPostprocessing = 0;
		};
/* End PBXFrameworksBuildPhase section */

/* Begin PBXGroup section */
		8340E43E21BECF1200DBCB54 /* Frameworks */ = {
			isa = PBXGroup;
			children = (
				8340E48521BEDB1E00DBCB54 /* CoreMLHelpers.framework */,
				8340E48921BEDB1E00DBCB54 /* Fritz.framework */,
				8340E48321BEDB1E00DBCB54 /* FritzCore.framework */,
				8340E48721BEDB1E00DBCB54 /* FritzManagedModel.framework */,
				8340E48421BEDB1E00DBCB54 /* FritzVision.framework */,
				8340E48621BEDB1E00DBCB54 /* FritzVisionStyleModel.framework */,
				8340E48A21BEDB1E00DBCB54 /* FritzVisionStyleModelBase.framework */,
				8340E48821BEDB1E00DBCB54 /* FritzVisionStyleModelPaintings.framework */,
			);
			name = Frameworks;
			sourceTree = "<group>";
		};
		83AC97AD21495DD400E86B44 = {
			isa = PBXGroup;
			children = (
				83AC97B821495DD400E86B44 /* FritzStyleTransferDemo */,
				83AC97B721495DD400E86B44 /* Products */,
				8340E43E21BECF1200DBCB54 /* Frameworks */,
			);
			sourceTree = "<group>";
		};
		83AC97B721495DD400E86B44 /* Products */ = {
			isa = PBXGroup;
			children = (
				83AC97B621495DD400E86B44 /* FritzStyleTransferDemo.app */,
			);
			name = Products;
			sourceTree = "<group>";
		};
		83AC97B821495DD400E86B44 /* FritzStyleTransferDemo */ = {
			isa = PBXGroup;
			children = (
				D497A8A821BF0DBA00A59924 /* Models */,
				83AC97CB2149609C00E86B44 /* Apple OpenGL Buffer View */,
				83AC97B921495DD400E86B44 /* AppDelegate.swift */,
				83AC97D32149610700E86B44 /* VideoPreviewView.swift */,
				83AC97BB21495DD400E86B44 /* ViewController.swift */,
				83AC97BD21495DD400E86B44 /* Main.storyboard */,
				83AC97C021495DD600E86B44 /* Assets.xcassets */,
				83AC97C221495DD600E86B44 /* LaunchScreen.storyboard */,
				83AC97C521495DD600E86B44 /* Info.plist */,
			);
			path = FritzStyleTransferDemo;
			sourceTree = "<group>";
		};
		83AC97CB2149609C00E86B44 /* Apple OpenGL Buffer View */ = {
			isa = PBXGroup;
			children = (
				83AC97CC2149609C00E86B44 /* OpenGLPixelBufferView.m */,
				83AC97CD2149609C00E86B44 /* ShaderUtilities.c */,
				83AC97CE2149609C00E86B44 /* Buffer-View-Bridging-Header.h */,
				83AC97CF2149609C00E86B44 /* OpenGLPixelBufferView.h */,
				83AC97D02149609C00E86B44 /* ShaderUtilities.h */,
			);
			path = "Apple OpenGL Buffer View";
			sourceTree = "<group>";
		};
		D497A8A821BF0DBA00A59924 /* Models */ = {
			isa = PBXGroup;
			children = (
				D497A8A921BF0DD800A59924 /* Models+Fritz.swift */,
			);
			path = Models;
			sourceTree = "<group>";
		};
/* End PBXGroup section */

/* Begin PBXNativeTarget section */
		83AC97B521495DD400E86B44 /* FritzStyleTransferDemo */ = {
			isa = PBXNativeTarget;
			buildConfigurationList = 83AC97C821495DD600E86B44 /* Build configuration list for PBXNativeTarget "FritzStyleTransferDemo" */;
			buildPhases = (
				83AC97B221495DD400E86B44 /* Sources */,
				83AC97B321495DD400E86B44 /* Frameworks */,
				83AC97B421495DD400E86B44 /* Resources */,
				8340E4A321BEDB2700DBCB54 /* Embed Frameworks */,
			);
			buildRules = (
			);
			dependencies = (
			);
			name = FritzStyleTransferDemo;
			productName = FritzStyleTransferDemo;
			productReference = 83AC97B621495DD400E86B44 /* FritzStyleTransferDemo.app */;
			productType = "com.apple.product-type.application";
		};
/* End PBXNativeTarget section */

/* Begin PBXProject section */
		83AC97AE21495DD400E86B44 /* Project object */ = {
			isa = PBXProject;
			attributes = {
				LastSwiftUpdateCheck = 0940;
				LastUpgradeCheck = 0940;
				ORGANIZATIONNAME = Fritz;
				TargetAttributes = {
					83AC97B521495DD400E86B44 = {
						CreatedOnToolsVersion = 9.4.1;
					};
				};
			};
			buildConfigurationList = 83AC97B121495DD400E86B44 /* Build configuration list for PBXProject "FritzStyleTransferDemo" */;
			compatibilityVersion = "Xcode 9.3";
			developmentRegion = en;
			hasScannedForEncodings = 0;
			knownRegions = (
				en,
				Base,
			);
			mainGroup = 83AC97AD21495DD400E86B44;
			productRefGroup = 83AC97B721495DD400E86B44 /* Products */;
			projectDirPath = "";
			projectRoot = "";
			targets = (
				83AC97B521495DD400E86B44 /* FritzStyleTransferDemo */,
			);
		};
/* End PBXProject section */

/* Begin PBXResourcesBuildPhase section */
		83AC97B421495DD400E86B44 /* Resources */ = {
			isa = PBXResourcesBuildPhase;
			buildActionMask = 2147483647;
			files = (
				83AC97C421495DD600E86B44 /* LaunchScreen.storyboard in Resources */,
				83AC97C121495DD600E86B44 /* Assets.xcassets in Resources */,
				83AC97BF21495DD400E86B44 /* Main.storyboard in Resources */,
			);
			runOnlyForDeploymentPostprocessing = 0;
		};
/* End PBXResourcesBuildPhase section */

/* Begin PBXSourcesBuildPhase section */
		83AC97B221495DD400E86B44 /* Sources */ = {
			isa = PBXSourcesBuildPhase;
			buildActionMask = 2147483647;
			files = (
				83AC97D12149609C00E86B44 /* OpenGLPixelBufferView.m in Sources */,
				D497A8AA21BF0DD800A59924 /* Models+Fritz.swift in Sources */,
				83AC97D22149609C00E86B44 /* ShaderUtilities.c in Sources */,
				83AC97BC21495DD400E86B44 /* ViewController.swift in Sources */,
				83AC97BA21495DD400E86B44 /* AppDelegate.swift in Sources */,
				83AC97D42149610700E86B44 /* VideoPreviewView.swift in Sources */,
			);
			runOnlyForDeploymentPostprocessing = 0;
		};
/* End PBXSourcesBuildPhase section */

/* Begin PBXVariantGroup section */
		83AC97BD21495DD400E86B44 /* Main.storyboard */ = {
			isa = PBXVariantGroup;
			children = (
				83AC97BE21495DD400E86B44 /* Base */,
			);
			name = Main.storyboard;
			sourceTree = "<group>";
		};
		83AC97C221495DD600E86B44 /* LaunchScreen.storyboard */ = {
			isa = PBXVariantGroup;
			children = (
				83AC97C321495DD600E86B44 /* Base */,
			);
			name = LaunchScreen.storyboard;
			sourceTree = "<group>";
		};
/* End PBXVariantGroup section */

/* Begin XCBuildConfiguration section */
		83AC97C621495DD600E86B44 /* Debug */ = {
			isa = XCBuildConfiguration;
			buildSettings = {
				ALWAYS_SEARCH_USER_PATHS = NO;
				CLANG_ANALYZER_NONNULL = YES;
				CLANG_ANALYZER_NUMBER_OBJECT_CONVERSION = YES_AGGRESSIVE;
				CLANG_CXX_LANGUAGE_STANDARD = "gnu++14";
				CLANG_CXX_LIBRARY = "libc++";
				CLANG_ENABLE_MODULES = YES;
				CLANG_ENABLE_OBJC_ARC = YES;
				CLANG_ENABLE_OBJC_WEAK = YES;
				CLANG_WARN_BLOCK_CAPTURE_AUTORELEASING = YES;
				CLANG_WARN_BOOL_CONVERSION = YES;
				CLANG_WARN_COMMA = YES;
				CLANG_WARN_CONSTANT_CONVERSION = YES;
				CLANG_WARN_DEPRECATED_OBJC_IMPLEMENTATIONS = YES;
				CLANG_WARN_DIRECT_OBJC_ISA_USAGE = YES_ERROR;
				CLANG_WARN_DOCUMENTATION_COMMENTS = YES;
				CLANG_WARN_EMPTY_BODY = YES;
				CLANG_WARN_ENUM_CONVERSION = YES;
				CLANG_WARN_INFINITE_RECURSION = YES;
				CLANG_WARN_INT_CONVERSION = YES;
				CLANG_WARN_NON_LITERAL_NULL_CONVERSION = YES;
				CLANG_WARN_OBJC_IMPLICIT_RETAIN_SELF = YES;
				CLANG_WARN_OBJC_LITERAL_CONVERSION = YES;
				CLANG_WARN_OBJC_ROOT_CLASS = YES_ERROR;
				CLANG_WARN_RANGE_LOOP_ANALYSIS = YES;
				CLANG_WARN_STRICT_PROTOTYPES = YES;
				CLANG_WARN_SUSPICIOUS_MOVE = YES;
				CLANG_WARN_UNGUARDED_AVAILABILITY = YES_AGGRESSIVE;
				CLANG_WARN_UNREACHABLE_CODE = YES;
				CLANG_WARN__DUPLICATE_METHOD_MATCH = YES;
				CODE_SIGN_IDENTITY = "iPhone Developer";
				COPY_PHASE_STRIP = NO;
				DEBUG_INFORMATION_FORMAT = dwarf;
				ENABLE_STRICT_OBJC_MSGSEND = YES;
				ENABLE_TESTABILITY = YES;
				GCC_C_LANGUAGE_STANDARD = gnu11;
				GCC_DYNAMIC_NO_PIC = NO;
				GCC_NO_COMMON_BLOCKS = YES;
				GCC_OPTIMIZATION_LEVEL = 0;
				GCC_PREPROCESSOR_DEFINITIONS = (
					"DEBUG=1",
					"$(inherited)",
				);
				GCC_WARN_64_TO_32_BIT_CONVERSION = YES;
				GCC_WARN_ABOUT_RETURN_TYPE = YES_ERROR;
				GCC_WARN_UNDECLARED_SELECTOR = YES;
				GCC_WARN_UNINITIALIZED_AUTOS = YES_AGGRESSIVE;
				GCC_WARN_UNUSED_FUNCTION = YES;
				GCC_WARN_UNUSED_VARIABLE = YES;
				IPHONEOS_DEPLOYMENT_TARGET = 11.4;
				MTL_ENABLE_DEBUG_INFO = YES;
				ONLY_ACTIVE_ARCH = YES;
				SDKROOT = iphoneos;
				SWIFT_ACTIVE_COMPILATION_CONDITIONS = DEBUG;
				SWIFT_OPTIMIZATION_LEVEL = "-Onone";
			};
			name = Debug;
		};
		83AC97C721495DD600E86B44 /* Release */ = {
			isa = XCBuildConfiguration;
			buildSettings = {
				ALWAYS_SEARCH_USER_PATHS = NO;
				CLANG_ANALYZER_NONNULL = YES;
				CLANG_ANALYZER_NUMBER_OBJECT_CONVERSION = YES_AGGRESSIVE;
				CLANG_CXX_LANGUAGE_STANDARD = "gnu++14";
				CLANG_CXX_LIBRARY = "libc++";
				CLANG_ENABLE_MODULES = YES;
				CLANG_ENABLE_OBJC_ARC = YES;
				CLANG_ENABLE_OBJC_WEAK = YES;
				CLANG_WARN_BLOCK_CAPTURE_AUTORELEASING = YES;
				CLANG_WARN_BOOL_CONVERSION = YES;
				CLANG_WARN_COMMA = YES;
				CLANG_WARN_CONSTANT_CONVERSION = YES;
				CLANG_WARN_DEPRECATED_OBJC_IMPLEMENTATIONS = YES;
				CLANG_WARN_DIRECT_OBJC_ISA_USAGE = YES_ERROR;
				CLANG_WARN_DOCUMENTATION_COMMENTS = YES;
				CLANG_WARN_EMPTY_BODY = YES;
				CLANG_WARN_ENUM_CONVERSION = YES;
				CLANG_WARN_INFINITE_RECURSION = YES;
				CLANG_WARN_INT_CONVERSION = YES;
				CLANG_WARN_NON_LITERAL_NULL_CONVERSION = YES;
				CLANG_WARN_OBJC_IMPLICIT_RETAIN_SELF = YES;
				CLANG_WARN_OBJC_LITERAL_CONVERSION = YES;
				CLANG_WARN_OBJC_ROOT_CLASS = YES_ERROR;
				CLANG_WARN_RANGE_LOOP_ANALYSIS = YES;
				CLANG_WARN_STRICT_PROTOTYPES = YES;
				CLANG_WARN_SUSPICIOUS_MOVE = YES;
				CLANG_WARN_UNGUARDED_AVAILABILITY = YES_AGGRESSIVE;
				CLANG_WARN_UNREACHABLE_CODE = YES;
				CLANG_WARN__DUPLICATE_METHOD_MATCH = YES;
				CODE_SIGN_IDENTITY = "iPhone Developer";
				COPY_PHASE_STRIP = NO;
				DEBUG_INFORMATION_FORMAT = "dwarf-with-dsym";
				ENABLE_NS_ASSERTIONS = NO;
				ENABLE_STRICT_OBJC_MSGSEND = YES;
				GCC_C_LANGUAGE_STANDARD = gnu11;
				GCC_NO_COMMON_BLOCKS = YES;
				GCC_WARN_64_TO_32_BIT_CONVERSION = YES;
				GCC_WARN_ABOUT_RETURN_TYPE = YES_ERROR;
				GCC_WARN_UNDECLARED_SELECTOR = YES;
				GCC_WARN_UNINITIALIZED_AUTOS = YES_AGGRESSIVE;
				GCC_WARN_UNUSED_FUNCTION = YES;
				GCC_WARN_UNUSED_VARIABLE = YES;
				IPHONEOS_DEPLOYMENT_TARGET = 11.4;
				MTL_ENABLE_DEBUG_INFO = NO;
				SDKROOT = iphoneos;
				SWIFT_COMPILATION_MODE = wholemodule;
				SWIFT_OPTIMIZATION_LEVEL = "-O";
				VALIDATE_PRODUCT = YES;
			};
			name = Release;
		};
		83AC97C921495DD600E86B44 /* Debug */ = {
			isa = XCBuildConfiguration;
			buildSettings = {
				ASSETCATALOG_COMPILER_APPICON_NAME = AppIcon;
				CODE_SIGN_STYLE = Automatic;
				DEVELOPMENT_TEAM = T3RGJF7P9D;
				FRAMEWORK_SEARCH_PATHS = (
					"$(PROJECT_DIR)/Frameworks",
					"$(PROJECT_DIR)/../../swift-framework/Frameworks",
				);
				INFOPLIST_FILE = FritzStyleTransferDemo/Info.plist;
				LD_RUNPATH_SEARCH_PATHS = (
					"$(inherited)",
					"@executable_path/Frameworks",
				);
				PRODUCT_BUNDLE_IDENTIFIER = com.fritz.chris.FritzStyleTransferDemo;
				PRODUCT_NAME = "$(TARGET_NAME)";
				SWIFT_OBJC_BRIDGING_HEADER = "FritzStyleTransferDemo/Apple OpenGL Buffer View/Buffer-View-Bridging-Header.h";
				SWIFT_VERSION = 4.0;
				TARGETED_DEVICE_FAMILY = "1,2";
			};
			name = Debug;
		};
		83AC97CA21495DD600E86B44 /* Release */ = {
			isa = XCBuildConfiguration;
			buildSettings = {
				ASSETCATALOG_COMPILER_APPICON_NAME = AppIcon;
				CODE_SIGN_STYLE = Automatic;
				DEVELOPMENT_TEAM = T3RGJF7P9D;
				FRAMEWORK_SEARCH_PATHS = (
					"$(PROJECT_DIR)/Frameworks",
					"$(PROJECT_DIR)/../../swift-framework/Frameworks",
				);
				INFOPLIST_FILE = FritzStyleTransferDemo/Info.plist;
				LD_RUNPATH_SEARCH_PATHS = (
					"$(inherited)",
					"@executable_path/Frameworks",
				);
				PRODUCT_BUNDLE_IDENTIFIER = com.fritz.chris.FritzStyleTransferDemo;
				PRODUCT_NAME = "$(TARGET_NAME)";
				SWIFT_OBJC_BRIDGING_HEADER = "FritzStyleTransferDemo/Apple OpenGL Buffer View/Buffer-View-Bridging-Header.h";
				SWIFT_VERSION = 4.0;
				TARGETED_DEVICE_FAMILY = "1,2";
			};
			name = Release;
		};
/* End XCBuildConfiguration section */

/* Begin XCConfigurationList section */
		83AC97B121495DD400E86B44 /* Build configuration list for PBXProject "FritzStyleTransferDemo" */ = {
			isa = XCConfigurationList;
			buildConfigurations = (
				83AC97C621495DD600E86B44 /* Debug */,
				83AC97C721495DD600E86B44 /* Release */,
			);
			defaultConfigurationIsVisible = 0;
			defaultConfigurationName = Release;
		};
		83AC97C821495DD600E86B44 /* Build configuration list for PBXNativeTarget "FritzStyleTransferDemo" */ = {
			isa = XCConfigurationList;
			buildConfigurations = (
				83AC97C921495DD600E86B44 /* Debug */,
				83AC97CA21495DD600E86B44 /* Release */,
			);
			defaultConfigurationIsVisible = 0;
			defaultConfigurationName = Release;
		};
/* End XCConfigurationList section */
	};
	rootObject = 83AC97AE21495DD400E86B44 /* Project object */;
}
