PODS:
  - Fritz (1.1.3):
    - Fritz/ManagedModel (= 1.1.3)
  - Fritz/Core (1.1.3)
  - Fritz/ManagedModel (1.1.3):
    - Fritz/Core

DEPENDENCIES:
  - Fritz

SPEC REPOS:
  https://github.com/cocoapods/specs.git:
    - Fritz

SPEC CHECKSUMS:
  Fritz: 33a8688f536c8970bc19f415a37e18b20a35eedc

PODFILE CHECKSUM: 42071e11cbbae870eaac98f79551ea5b867e2b4e

COCOAPODS: 1.5.3
