PODS:
  - Fritz (1.1.3):
    - Fritz/ManagedModel (= 1.1.3)
  - Fritz/Core (1.1.3)
  - Fritz/ManagedModel (1.1.3):
    - Fritz/Core
  - Fritz/Vision (1.1.3):
    - Fritz/Core
  - Fritz/VisionStyleModel (1.1.3):
    - Fritz/Core
    - Fritz/ManagedModel
    - Fritz/Vision

DEPENDENCIES:
  - Fritz
  - Fritz/VisionStyleModel

SPEC REPOS:
  https://github.com/cocoapods/specs.git:
    - Fritz

SPEC CHECKSUMS:
  Fritz: 33a8688f536c8970bc19f415a37e18b20a35eedc

PODFILE CHECKSUM: 6c452a6574ee1504cb63ee9aec161eec3f1738e4

COCOAPODS: 1.5.3
